// !$*UTF8*$!
{
	archiveVersion = 1;
	classes = {
	};
	objectVersion = 56;
	objects = {

/* Begin PBXBuildFile section */
		BA2721122BC580920016B160 /* PlaybackView.swift in Sources */ = {isa = PBXBuildFile; fileRef = BA2721112BC580920016B160 /* PlaybackView.swift */; };
		BA2721152BC5822A0016B160 /* CMTime.swift in Sources */ = {isa = PBXBuildFile; fileRef = BA2721142BC5822A0016B160 /* CMTime.swift */; };
		BA2721192BC5ABAB0016B160 /* Player.swift in Sources */ = {isa = PBXBuildFile; fileRef = BA2721182BC5ABAB0016B160 /* Player.swift */; };
		BA27211B2BC5C2C50016B160 /* PlaybackSpeed.swift in Sources */ = {isa = PBXBuildFile; fileRef = BA27211A2BC5C2C50016B160 /* PlaybackSpeed.swift */; };
		BA27211D2BC5C7040016B160 /* CaptionView.swift in Sources */ = {isa = PBXBuildFile; fileRef = BA27211C2BC5C7040016B160 /* CaptionView.swift */; };
		BA27211F2BC5E4210016B160 /* EpisodesView.swift in Sources */ = {isa = PBXBuildFile; fileRef = BA27211E2BC5E4210016B160 /* EpisodesView.swift */; };
		BA2721212BC5E6CE0016B160 /* PageControl.swift in Sources */ = {isa = PBXBuildFile; fileRef = BA2721202BC5E6CE0016B160 /* PageControl.swift */; };
		BA278ABC2BC445DC00A7E340 /* App.swift in Sources */ = {isa = PBXBuildFile; fileRef = BA278ABB2BC445DC00A7E340 /* App.swift */; };
		BA278AC02BC445DE00A7E340 /* Assets.xcassets in Resources */ = {isa = PBXBuildFile; fileRef = BA278ABF2BC445DE00A7E340 /* Assets.xcassets */; };
		BA278AC32BC445DE00A7E340 /* Preview Assets.xcassets in Resources */ = {isa = PBXBuildFile; fileRef = BA278AC22BC445DE00A7E340 /* Preview Assets.xcassets */; };
		BA278ACB2BC4465000A7E340 /* ComposableArchitecture in Frameworks */ = {isa = PBXBuildFile; productRef = BA278ACA2BC4465000A7E340 /* ComposableArchitecture */; };
		BA278AD22BC4468D00A7E340 /* ScaleButton.swift in Sources */ = {isa = PBXBuildFile; fileRef = BA278AD12BC4468D00A7E340 /* ScaleButton.swift */; };
		BA278AD62BC4479000A7E340 /* PlayerView.swift in Sources */ = {isa = PBXBuildFile; fileRef = BA278AD52BC4479000A7E340 /* PlayerView.swift */; };
		BA278AD92BC44D7500A7E340 /* RSSParser.swift in Sources */ = {isa = PBXBuildFile; fileRef = BA278AD82BC44D7500A7E340 /* RSSParser.swift */; };
		BA278AEC2BC44FDA00A7E340 /* RSSDownloader.swift in Sources */ = {isa = PBXBuildFile; fileRef = BA278AEB2BC44FDA00A7E340 /* RSSDownloader.swift */; };
		BA278AEF2BC452BF00A7E340 /* AudioBook.swift in Sources */ = {isa = PBXBuildFile; fileRef = BA278AEE2BC452BF00A7E340 /* AudioBook.swift */; };
		BA278AF22BC4625600A7E340 /* ControlView.swift in Sources */ = {isa = PBXBuildFile; fileRef = BA278AF12BC4625600A7E340 /* ControlView.swift */; };
		BA278AFD2BC48FF900A7E340 /* Playful.swift in Sources */ = {isa = PBXBuildFile; fileRef = BA278AFC2BC48FF900A7E340 /* Playful.swift */; };
/* End PBXBuildFile section */

/* Begin PBXFileReference section */
		BA2721112BC580920016B160 /* PlaybackView.swift */ = {isa = PBXFileReference; lastKnownFileType = sourcecode.swift; path = PlaybackView.swift; sourceTree = "<group>"; };
		BA2721142BC5822A0016B160 /* CMTime.swift */ = {isa = PBXFileReference; lastKnownFileType = sourcecode.swift; path = CMTime.swift; sourceTree = "<group>"; };
		BA2721182BC5ABAB0016B160 /* Player.swift */ = {isa = PBXFileReference; lastKnownFileType = sourcecode.swift; path = Player.swift; sourceTree = "<group>"; };
		BA27211A2BC5C2C50016B160 /* PlaybackSpeed.swift */ = {isa = PBXFileReference; lastKnownFileType = sourcecode.swift; path = PlaybackSpeed.swift; sourceTree = "<group>"; };
		BA27211C2BC5C7040016B160 /* CaptionView.swift */ = {isa = PBXFileReference; lastKnownFileType = sourcecode.swift; path = CaptionView.swift; sourceTree = "<group>"; };
		BA27211E2BC5E4210016B160 /* EpisodesView.swift */ = {isa = PBXFileReference; lastKnownFileType = sourcecode.swift; path = EpisodesView.swift; sourceTree = "<group>"; };
		BA2721202BC5E6CE0016B160 /* PageControl.swift */ = {isa = PBXFileReference; lastKnownFileType = sourcecode.swift; path = PageControl.swift; sourceTree = "<group>"; };
		BA278AB82BC445DC00A7E340 /* Playful.app */ = {isa = PBXFileReference; explicitFileType = wrapper.application; includeInIndex = 0; path = Playful.app; sourceTree = BUILT_PRODUCTS_DIR; };
		BA278ABB2BC445DC00A7E340 /* App.swift */ = {isa = PBXFileReference; lastKnownFileType = sourcecode.swift; path = App.swift; sourceTree = "<group>"; };
		BA278ABF2BC445DE00A7E340 /* Assets.xcassets */ = {isa = PBXFileReference; lastKnownFileType = folder.assetcatalog; path = Assets.xcassets; sourceTree = "<group>"; };
		BA278AC22BC445DE00A7E340 /* Preview Assets.xcassets */ = {isa = PBXFileReference; lastKnownFileType = folder.assetcatalog; path = "Preview Assets.xcassets"; sourceTree = "<group>"; };
		BA278AD12BC4468D00A7E340 /* ScaleButton.swift */ = {isa = PBXFileReference; lastKnownFileType = sourcecode.swift; path = ScaleButton.swift; sourceTree = "<group>"; };
		BA278AD52BC4479000A7E340 /* PlayerView.swift */ = {isa = PBXFileReference; lastKnownFileType = sourcecode.swift; path = PlayerView.swift; sourceTree = "<group>"; };
		BA278AD82BC44D7500A7E340 /* RSSParser.swift */ = {isa = PBXFileReference; lastKnownFileType = sourcecode.swift; path = RSSParser.swift; sourceTree = "<group>"; };
		BA278AEB2BC44FDA00A7E340 /* RSSDownloader.swift */ = {isa = PBXFileReference; lastKnownFileType = sourcecode.swift; path = RSSDownloader.swift; sourceTree = "<group>"; };
		BA278AEE2BC452BF00A7E340 /* AudioBook.swift */ = {isa = PBXFileReference; lastKnownFileType = sourcecode.swift; path = AudioBook.swift; sourceTree = "<group>"; };
		BA278AF12BC4625600A7E340 /* ControlView.swift */ = {isa = PBXFileReference; lastKnownFileType = sourcecode.swift; path = ControlView.swift; sourceTree = "<group>"; };
		BA278AFC2BC48FF900A7E340 /* Playful.swift */ = {isa = PBXFileReference; lastKnownFileType = sourcecode.swift; path = Playful.swift; sourceTree = "<group>"; };
/* End PBXFileReference section */

/* Begin PBXFrameworksBuildPhase section */
		BA278AB52BC445DC00A7E340 /* Frameworks */ = {
			isa = PBXFrameworksBuildPhase;
			buildActionMask = 2147483647;
			files = (
				BA278ACB2BC4465000A7E340 /* ComposableArchitecture in Frameworks */,
			);
			runOnlyForDeploymentPostprocessing = 0;
		};
/* End PBXFrameworksBuildPhase section */

/* Begin PBXGroup section */
		BA2721132BC5821B0016B160 /* Formatters */ = {
			isa = PBXGroup;
			children = (
				BA2721142BC5822A0016B160 /* CMTime.swift */,
			);
			path = Formatters;
			sourceTree = "<group>";
		};
		BA278AAF2BC445DC00A7E340 = {
			isa = PBXGroup;
			children = (
				BA278ABA2BC445DC00A7E340 /* Playful */,
				BA278AB92BC445DC00A7E340 /* Products */,
			);
			sourceTree = "<group>";
		};
		BA278AB92BC445DC00A7E340 /* Products */ = {
			isa = PBXGroup;
			children = (
				BA278AB82BC445DC00A7E340 /* Playful.app */,
			);
			name = Products;
			sourceTree = "<group>";
		};
		BA278ABA2BC445DC00A7E340 /* Playful */ = {
			isa = PBXGroup;
			children = (
				BA278AF52BC4698300A7E340 /* Player */,
				BA278AD72BC44D6D00A7E340 /* Services */,
				BA278AD42BC4477A00A7E340 /* Screens */,
				BA278ACE2BC4467600A7E340 /* Common */,
				BA278ACD2BC4466100A7E340 /* App */,
				BA278ACC2BC4465900A7E340 /* Resouces */,
				BA278AC12BC445DE00A7E340 /* Preview Content */,
			);
			path = Playful;
			sourceTree = "<group>";
		};
		BA278AC12BC445DE00A7E340 /* Preview Content */ = {
			isa = PBXGroup;
			children = (
				BA278AC22BC445DE00A7E340 /* Preview Assets.xcassets */,
			);
			path = "Preview Content";
			sourceTree = "<group>";
		};
		BA278ACC2BC4465900A7E340 /* Resouces */ = {
			isa = PBXGroup;
			children = (
				BA278ABF2BC445DE00A7E340 /* Assets.xcassets */,
			);
			path = Resouces;
			sourceTree = "<group>";
		};
		BA278ACD2BC4466100A7E340 /* App */ = {
			isa = PBXGroup;
			children = (
				BA278ABB2BC445DC00A7E340 /* App.swift */,
			);
			path = App;
			sourceTree = "<group>";
		};
		BA278ACE2BC4467600A7E340 /* Common */ = {
			isa = PBXGroup;
			children = (
				BA2721132BC5821B0016B160 /* Formatters */,
				BA278AED2BC452B700A7E340 /* Models */,
				BA278AD32BC446DF00A7E340 /* Components */,
			);
			path = Common;
			sourceTree = "<group>";
		};
		BA278ACF2BC4467E00A7E340 /* Button */ = {
			isa = PBXGroup;
			children = (
				BA278AD02BC4468200A7E340 /* Styles */,
			);
			path = Button;
			sourceTree = "<group>";
		};
		BA278AD02BC4468200A7E340 /* Styles */ = {
			isa = PBXGroup;
			children = (
				BA278AD12BC4468D00A7E340 /* ScaleButton.swift */,
			);
			path = Styles;
			sourceTree = "<group>";
		};
		BA278AD32BC446DF00A7E340 /* Components */ = {
			isa = PBXGroup;
			children = (
				BA278ACF2BC4467E00A7E340 /* Button */,
			);
			path = Components;
			sourceTree = "<group>";
		};
		BA278AD42BC4477A00A7E340 /* Screens */ = {
			isa = PBXGroup;
			children = (
				BA278AF02BC4624100A7E340 /* Player */,
			);
			path = Screens;
			sourceTree = "<group>";
		};
		BA278AD72BC44D6D00A7E340 /* Services */ = {
			isa = PBXGroup;
			children = (
				BA278AD82BC44D7500A7E340 /* RSSParser.swift */,
				BA278AEB2BC44FDA00A7E340 /* RSSDownloader.swift */,
			);
			path = Services;
			sourceTree = "<group>";
		};
		BA278AED2BC452B700A7E340 /* Models */ = {
			isa = PBXGroup;
			children = (
				BA278AEE2BC452BF00A7E340 /* AudioBook.swift */,
				BA27211A2BC5C2C50016B160 /* PlaybackSpeed.swift */,
			);
			path = Models;
			sourceTree = "<group>";
		};
		BA278AF02BC4624100A7E340 /* Player */ = {
			isa = PBXGroup;
			children = (
				BA278AD52BC4479000A7E340 /* PlayerView.swift */,
				BA278AF12BC4625600A7E340 /* ControlView.swift */,
				BA2721112BC580920016B160 /* PlaybackView.swift */,
				BA27211C2BC5C7040016B160 /* CaptionView.swift */,
				BA27211E2BC5E4210016B160 /* EpisodesView.swift */,
				BA2721202BC5E6CE0016B160 /* PageControl.swift */,
			);
			path = Player;
			sourceTree = "<group>";
		};
		BA278AF52BC4698300A7E340 /* Player */ = {
			isa = PBXGroup;
			children = (
				BA278AFC2BC48FF900A7E340 /* Playful.swift */,
				BA2721182BC5ABAB0016B160 /* Player.swift */,
			);
			path = Player;
			sourceTree = "<group>";
		};
/* End PBXGroup section */

/* Begin PBXNativeTarget section */
		BA278AB72BC445DC00A7E340 /* Playful */ = {
			isa = PBXNativeTarget;
			buildConfigurationList = BA278AC62BC445DE00A7E340 /* Build configuration list for PBXNativeTarget "Playful" */;
			buildPhases = (
				BA278AB42BC445DC00A7E340 /* Sources */,
				BA278AB52BC445DC00A7E340 /* Frameworks */,
				BA278AB62BC445DC00A7E340 /* Resources */,
			);
			buildRules = (
			);
			dependencies = (
			);
			name = Playful;
			packageProductDependencies = (
				BA278ACA2BC4465000A7E340 /* ComposableArchitecture */,
			);
			productName = Playful;
			productReference = BA278AB82BC445DC00A7E340 /* Playful.app */;
			productType = "com.apple.product-type.application";
		};
/* End PBXNativeTarget section */

/* Begin PBXProject section */
		BA278AB02BC445DC00A7E340 /* Project object */ = {
			isa = PBXProject;
			attributes = {
				BuildIndependentTargetsInParallel = 1;
				LastSwiftUpdateCheck = 1520;
				LastUpgradeCheck = 1520;
				TargetAttributes = {
					BA278AB72BC445DC00A7E340 = {
						CreatedOnToolsVersion = 15.2;
					};
				};
			};
			buildConfigurationList = BA278AB32BC445DC00A7E340 /* Build configuration list for PBXProject "Playful" */;
			compatibilityVersion = "Xcode 14.0";
			developmentRegion = en;
			hasScannedForEncodings = 0;
			knownRegions = (
				en,
				Base,
			);
			mainGroup = BA278AAF2BC445DC00A7E340;
			packageReferences = (
				BA278AC92BC4465000A7E340 /* XCRemoteSwiftPackageReference "swift-composable-architecture" */,
			);
			productRefGroup = BA278AB92BC445DC00A7E340 /* Products */;
			projectDirPath = "";
			projectRoot = "";
			targets = (
				BA278AB72BC445DC00A7E340 /* Playful */,
			);
		};
/* End PBXProject section */

/* Begin PBXResourcesBuildPhase section */
		BA278AB62BC445DC00A7E340 /* Resources */ = {
			isa = PBXResourcesBuildPhase;
			buildActionMask = 2147483647;
			files = (
				BA278AC32BC445DE00A7E340 /* Preview Assets.xcassets in Resources */,
				BA278AC02BC445DE00A7E340 /* Assets.xcassets in Resources */,
			);
			runOnlyForDeploymentPostprocessing = 0;
		};
/* End PBXResourcesBuildPhase section */

/* Begin PBXSourcesBuildPhase section */
		BA278AB42BC445DC00A7E340 /* Sources */ = {
			isa = PBXSourcesBuildPhase;
			buildActionMask = 2147483647;
			files = (
				BA278AD92BC44D7500A7E340 /* RSSParser.swift in Sources */,
				BA278AEC2BC44FDA00A7E340 /* RSSDownloader.swift in Sources */,
				BA278AD62BC4479000A7E340 /* PlayerView.swift in Sources */,
				BA278AEF2BC452BF00A7E340 /* AudioBook.swift in Sources */,
				BA2721192BC5ABAB0016B160 /* Player.swift in Sources */,
				BA2721212BC5E6CE0016B160 /* PageControl.swift in Sources */,
				BA278AD22BC4468D00A7E340 /* ScaleButton.swift in Sources */,
				BA27211B2BC5C2C50016B160 /* PlaybackSpeed.swift in Sources */,
				BA2721152BC5822A0016B160 /* CMTime.swift in Sources */,
				BA27211F2BC5E4210016B160 /* EpisodesView.swift in Sources */,
				BA278AF22BC4625600A7E340 /* ControlView.swift in Sources */,
				BA278AFD2BC48FF900A7E340 /* Playful.swift in Sources */,
				BA2721122BC580920016B160 /* PlaybackView.swift in Sources */,
				BA278ABC2BC445DC00A7E340 /* App.swift in Sources */,
				BA27211D2BC5C7040016B160 /* CaptionView.swift in Sources */,
			);
			runOnlyForDeploymentPostprocessing = 0;
		};
/* End PBXSourcesBuildPhase section */

/* Begin XCBuildConfiguration section */
		BA278AC42BC445DE00A7E340 /* Debug */ = {
			isa = XCBuildConfiguration;
			buildSettings = {
				ALWAYS_SEARCH_USER_PATHS = NO;
				ASSETCATALOG_COMPILER_GENERATE_SWIFT_ASSET_SYMBOL_EXTENSIONS = YES;
				CLANG_ANALYZER_NONNULL = YES;
				CLANG_ANALYZER_NUMBER_OBJECT_CONVERSION = YES_AGGRESSIVE;
				CLANG_CXX_LANGUAGE_STANDARD = "gnu++20";
				CLANG_ENABLE_MODULES = YES;
				CLANG_ENABLE_OBJC_ARC = YES;
				CLANG_ENABLE_OBJC_WEAK = YES;
				CLANG_WARN_BLOCK_CAPTURE_AUTORELEASING = YES;
				CLANG_WARN_BOOL_CONVERSION = YES;
				CLANG_WARN_COMMA = YES;
				CLANG_WARN_CONSTANT_CONVERSION = YES;
				CLANG_WARN_DEPRECATED_OBJC_IMPLEMENTATIONS = YES;
				CLANG_WARN_DIRECT_OBJC_ISA_USAGE = YES_ERROR;
				CLANG_WARN_DOCUMENTATION_COMMENTS = YES;
				CLANG_WARN_EMPTY_BODY = YES;
				CLANG_WARN_ENUM_CONVERSION = YES;
				CLANG_WARN_INFINITE_RECURSION = YES;
				CLANG_WARN_INT_CONVERSION = YES;
				CLANG_WARN_NON_LITERAL_NULL_CONVERSION = YES;
				CLANG_WARN_OBJC_IMPLICIT_RETAIN_SELF = YES;
				CLANG_WARN_OBJC_LITERAL_CONVERSION = YES;
				CLANG_WARN_OBJC_ROOT_CLASS = YES_ERROR;
				CLANG_WARN_QUOTED_INCLUDE_IN_FRAMEWORK_HEADER = YES;
				CLANG_WARN_RANGE_LOOP_ANALYSIS = YES;
				CLANG_WARN_STRICT_PROTOTYPES = YES;
				CLANG_WARN_SUSPICIOUS_MOVE = YES;
				CLANG_WARN_UNGUARDED_AVAILABILITY = YES_AGGRESSIVE;
				CLANG_WARN_UNREACHABLE_CODE = YES;
				CLANG_WARN__DUPLICATE_METHOD_MATCH = YES;
				COPY_PHASE_STRIP = NO;
				DEBUG_INFORMATION_FORMAT = dwarf;
				ENABLE_STRICT_OBJC_MSGSEND = YES;
				ENABLE_TESTABILITY = YES;
				ENABLE_USER_SCRIPT_SANDBOXING = YES;
				GCC_C_LANGUAGE_STANDARD = gnu17;
				GCC_DYNAMIC_NO_PIC = NO;
				GCC_NO_COMMON_BLOCKS = YES;
				GCC_OPTIMIZATION_LEVEL = 0;
				GCC_PREPROCESSOR_DEFINITIONS = (
					"DEBUG=1",
					"$(inherited)",
				);
				GCC_WARN_64_TO_32_BIT_CONVERSION = YES;
				GCC_WARN_ABOUT_RETURN_TYPE = YES_ERROR;
				GCC_WARN_UNDECLARED_SELECTOR = YES;
				GCC_WARN_UNINITIALIZED_AUTOS = YES_AGGRESSIVE;
				GCC_WARN_UNUSED_FUNCTION = YES;
				GCC_WARN_UNUSED_VARIABLE = YES;
				IPHONEOS_DEPLOYMENT_TARGET = 17.2;
				LOCALIZATION_PREFERS_STRING_CATALOGS = YES;
				MTL_ENABLE_DEBUG_INFO = INCLUDE_SOURCE;
				MTL_FAST_MATH = YES;
				ONLY_ACTIVE_ARCH = YES;
				SDKROOT = iphoneos;
				SWIFT_ACTIVE_COMPILATION_CONDITIONS = "DEBUG $(inherited)";
				SWIFT_OPTIMIZATION_LEVEL = "-Onone";
			};
			name = Debug;
		};
		BA278AC52BC445DE00A7E340 /* Release */ = {
			isa = XCBuildConfiguration;
			buildSettings = {
				ALWAYS_SEARCH_USER_PATHS = NO;
				ASSETCATALOG_COMPILER_GENERATE_SWIFT_ASSET_SYMBOL_EXTENSIONS = YES;
				CLANG_ANALYZER_NONNULL = YES;
				CLANG_ANALYZER_NUMBER_OBJECT_CONVERSION = YES_AGGRESSIVE;
				CLANG_CXX_LANGUAGE_STANDARD = "gnu++20";
				CLANG_ENABLE_MODULES = YES;
				CLANG_ENABLE_OBJC_ARC = YES;
				CLANG_ENABLE_OBJC_WEAK = YES;
				CLANG_WARN_BLOCK_CAPTURE_AUTORELEASING = YES;
				CLANG_WARN_BOOL_CONVERSION = YES;
				CLANG_WARN_COMMA = YES;
				CLANG_WARN_CONSTANT_CONVERSION = YES;
				CLANG_WARN_DEPRECATED_OBJC_IMPLEMENTATIONS = YES;
				CLANG_WARN_DIRECT_OBJC_ISA_USAGE = YES_ERROR;
				CLANG_WARN_DOCUMENTATION_COMMENTS = YES;
				CLANG_WARN_EMPTY_BODY = YES;
				CLANG_WARN_ENUM_CONVERSION = YES;
				CLANG_WARN_INFINITE_RECURSION = YES;
				CLANG_WARN_INT_CONVERSION = YES;
				CLANG_WARN_NON_LITERAL_NULL_CONVERSION = YES;
				CLANG_WARN_OBJC_IMPLICIT_RETAIN_SELF = YES;
				CLANG_WARN_OBJC_LITERAL_CONVERSION = YES;
				CLANG_WARN_OBJC_ROOT_CLASS = YES_ERROR;
				CLANG_WARN_QUOTED_INCLUDE_IN_FRAMEWORK_HEADER = YES;
				CLANG_WARN_RANGE_LOOP_ANALYSIS = YES;
				CLANG_WARN_STRICT_PROTOTYPES = YES;
				CLANG_WARN_SUSPICIOUS_MOVE = YES;
				CLANG_WARN_UNGUARDED_AVAILABILITY = YES_AGGRESSIVE;
				CLANG_WARN_UNREACHABLE_CODE = YES;
				CLANG_WARN__DUPLICATE_METHOD_MATCH = YES;
				COPY_PHASE_STRIP = NO;
				DEBUG_INFORMATION_FORMAT = "dwarf-with-dsym";
				ENABLE_NS_ASSERTIONS = NO;
				ENABLE_STRICT_OBJC_MSGSEND = YES;
				ENABLE_USER_SCRIPT_SANDBOXING = YES;
				GCC_C_LANGUAGE_STANDARD = gnu17;
				GCC_NO_COMMON_BLOCKS = YES;
				GCC_WARN_64_TO_32_BIT_CONVERSION = YES;
				GCC_WARN_ABOUT_RETURN_TYPE = YES_ERROR;
				GCC_WARN_UNDECLARED_SELECTOR = YES;
				GCC_WARN_UNINITIALIZED_AUTOS = YES_AGGRESSIVE;
				GCC_WARN_UNUSED_FUNCTION = YES;
				GCC_WARN_UNUSED_VARIABLE = YES;
				IPHONEOS_DEPLOYMENT_TARGET = 17.2;
				LOCALIZATION_PREFERS_STRING_CATALOGS = YES;
				MTL_ENABLE_DEBUG_INFO = NO;
				MTL_FAST_MATH = YES;
				SDKROOT = iphoneos;
				SWIFT_COMPILATION_MODE = wholemodule;
				VALIDATE_PRODUCT = YES;
			};
			name = Release;
		};
		BA278AC72BC445DE00A7E340 /* Debug */ = {
			isa = XCBuildConfiguration;
			buildSettings = {
				ASSETCATALOG_COMPILER_APPICON_NAME = AppIcon;
				ASSETCATALOG_COMPILER_GLOBAL_ACCENT_COLOR_NAME = AccentColor;
				CODE_SIGN_STYLE = Automatic;
				CURRENT_PROJECT_VERSION = 1;
				DEVELOPMENT_ASSET_PATHS = "\"Playful/Preview Content\"";
				DEVELOPMENT_TEAM = M95CCRL636;
				ENABLE_PREVIEWS = YES;
				GENERATE_INFOPLIST_FILE = YES;
				INFOPLIST_KEY_CFBundleDisplayName = Playful;
				INFOPLIST_KEY_LSApplicationCategoryType = "public.app-category.education";
				INFOPLIST_KEY_UIApplicationSceneManifest_Generation = YES;
				INFOPLIST_KEY_UIApplicationSupportsIndirectInputEvents = YES;
				INFOPLIST_KEY_UILaunchScreen_Generation = YES;
				INFOPLIST_KEY_UISupportedInterfaceOrientations_iPad = "UIInterfaceOrientationPortrait UIInterfaceOrientationPortraitUpsideDown UIInterfaceOrientationLandscapeLeft UIInterfaceOrientationLandscapeRight";
				INFOPLIST_KEY_UISupportedInterfaceOrientations_iPhone = "UIInterfaceOrientationPortrait UIInterfaceOrientationLandscapeLeft UIInterfaceOrientationLandscapeRight";
				IPHONEOS_DEPLOYMENT_TARGET = 16.0;
				LD_RUNPATH_SEARCH_PATHS = (
					"$(inherited)",
					"@executable_path/Frameworks",
				);
				MARKETING_VERSION = 1.0;
				PRODUCT_BUNDLE_IDENTIFIER = com.pfriedrix.Playful;
				PRODUCT_NAME = "$(TARGET_NAME)";
				SUPPORTED_PLATFORMS = "iphoneos iphonesimulator";
				SUPPORTS_MACCATALYST = NO;
				SUPPORTS_MAC_DESIGNED_FOR_IPHONE_IPAD = NO;
				SUPPORTS_XR_DESIGNED_FOR_IPHONE_IPAD = NO;
				SWIFT_EMIT_LOC_STRINGS = YES;
				SWIFT_VERSION = 5.0;
				TARGETED_DEVICE_FAMILY = 1;
			};
			name = Debug;
		};
		BA278AC82BC445DE00A7E340 /* Release */ = {
			isa = XCBuildConfiguration;
			buildSettings = {
				ASSETCATALOG_COMPILER_APPICON_NAME = AppIcon;
				ASSETCATALOG_COMPILER_GLOBAL_ACCENT_COLOR_NAME = AccentColor;
				CODE_SIGN_STYLE = Automatic;
				CURRENT_PROJECT_VERSION = 1;
				DEVELOPMENT_ASSET_PATHS = "\"Playful/Preview Content\"";
				DEVELOPMENT_TEAM = M95CCRL636;
				ENABLE_PREVIEWS = YES;
				GENERATE_INFOPLIST_FILE = YES;
				INFOPLIST_KEY_CFBundleDisplayName = Playful;
				INFOPLIST_KEY_LSApplicationCategoryType = "public.app-category.education";
				INFOPLIST_KEY_UIApplicationSceneManifest_Generation = YES;
				INFOPLIST_KEY_UIApplicationSupportsIndirectInputEvents = YES;
				INFOPLIST_KEY_UILaunchScreen_Generation = YES;
				INFOPLIST_KEY_UISupportedInterfaceOrientations_iPad = "UIInterfaceOrientationPortrait UIInterfaceOrientationPortraitUpsideDown UIInterfaceOrientationLandscapeLeft UIInterfaceOrientationLandscapeRight";
				INFOPLIST_KEY_UISupportedInterfaceOrientations_iPhone = "UIInterfaceOrientationPortrait UIInterfaceOrientationLandscapeLeft UIInterfaceOrientationLandscapeRight";
				IPHONEOS_DEPLOYMENT_TARGET = 16.0;
				LD_RUNPATH_SEARCH_PATHS = (
					"$(inherited)",
					"@executable_path/Frameworks",
				);
				MARKETING_VERSION = 1.0;
				PRODUCT_BUNDLE_IDENTIFIER = com.pfriedrix.Playful;
				PRODUCT_NAME = "$(TARGET_NAME)";
				SUPPORTED_PLATFORMS = "iphoneos iphonesimulator";
				SUPPORTS_MACCATALYST = NO;
				SUPPORTS_MAC_DESIGNED_FOR_IPHONE_IPAD = NO;
				SUPPORTS_XR_DESIGNED_FOR_IPHONE_IPAD = NO;
				SWIFT_EMIT_LOC_STRINGS = YES;
				SWIFT_VERSION = 5.0;
				TARGETED_DEVICE_FAMILY = 1;
			};
			name = Release;
		};
/* End XCBuildConfiguration section */

/* Begin XCConfigurationList section */
		BA278AB32BC445DC00A7E340 /* Build configuration list for PBXProject "Playful" */ = {
			isa = XCConfigurationList;
			buildConfigurations = (
				BA278AC42BC445DE00A7E340 /* Debug */,
				BA278AC52BC445DE00A7E340 /* Release */,
			);
			defaultConfigurationIsVisible = 0;
			defaultConfigurationName = Release;
		};
		BA278AC62BC445DE00A7E340 /* Build configuration list for PBXNativeTarget "Playful" */ = {
			isa = XCConfigurationList;
			buildConfigurations = (
				BA278AC72BC445DE00A7E340 /* Debug */,
				BA278AC82BC445DE00A7E340 /* Release */,
			);
			defaultConfigurationIsVisible = 0;
			defaultConfigurationName = Release;
		};
/* End XCConfigurationList section */

/* Begin XCRemoteSwiftPackageReference section */
		BA278AC92BC4465000A7E340 /* XCRemoteSwiftPackageReference "swift-composable-architecture" */ = {
			isa = XCRemoteSwiftPackageReference;
			repositoryURL = "https://github.com/pointfreeco/swift-composable-architecture";
			requirement = {
				kind = upToNextMajorVersion;
				minimumVersion = 1.9.2;
			};
		};
/* End XCRemoteSwiftPackageReference section */

/* Begin XCSwiftPackageProductDependency section */
		BA278ACA2BC4465000A7E340 /* ComposableArchitecture */ = {
			isa = XCSwiftPackageProductDependency;
			package = BA278AC92BC4465000A7E340 /* XCRemoteSwiftPackageReference "swift-composable-architecture" */;
			productName = ComposableArchitecture;
		};
/* End XCSwiftPackageProductDependency section */
	};
	rootObject = BA278AB02BC445DC00A7E340 /* Project object */;
}
